
Microsoft Visual Studio Solution File, Format Version 12.00
# Visual Studio 2017
Project("{FAE04EC0-301F-11D3-BF4B-00C04F79EFBC}") = "Genetic Unity Project", "Genetic Unity Project.csproj", "{F165F798-B93E-6E53-D13D-AC6E4AA7AEB3}"
EndProject
Global
	GlobalSection(SolutionConfigurationPlatforms) = preSolution
		Debug|Any CPU = Debug|Any CPU
		Release|Any CPU = Release|Any CPU
	EndGlobalSection
	GlobalSection(ProjectConfigurationPlatforms) = postSolution
		{F165F798-B93E-6E53-D13D-AC6E4AA7AEB3}.Debug|Any CPU.ActiveCfg = Debug|Any CPU
		{F165F798-B93E-6E53-D13D-AC6E4AA7AEB3}.Debug|Any CPU.Build.0 = Debug|Any CPU
		{F165F798-B93E-6E53-D13D-AC6E4AA7AEB3}.Release|Any CPU.ActiveCfg = Release|Any CPU
		{F165F798-B93E-6E53-D13D-AC6E4AA7AEB3}.Release|Any CPU.Build.0 = Release|Any CPU
	EndGlobalSection
	GlobalSection(SolutionProperties) = preSolution
		HideSolutionNode = FALSE
	EndGlobalSection
EndGlobal
